
Microsoft Visual Studio Solution File, Format Version 12.00
# Visual Studio Version 17
VisualStudioVersion = 17.14.36811.4 d17.14
MinimumVisualStudioVersion = 10.0.40219.1
Project("{FAE04EC0-301F-11D3-BF4B-00C04F79EFBC}") = "Sqldemo.app", "Sqldemo.app.csproj", "{EADC56DB-288F-4408-B429-3D7F44C8B898}"
EndProject
Global
	GlobalSection(SolutionConfigurationPlatforms) = preSolution
		Debug|Any CPU = Debug|Any CPU
		Release|Any CPU = Release|Any CPU
	EndGlobalSection
	GlobalSection(ProjectConfigurationPlatforms) = postSolution
		{EADC56DB-288F-4408-B429-3D7F44C8B898}.Debug|Any CPU.ActiveCfg = Debug|Any CPU
		{EADC56DB-288F-4408-B429-3D7F44C8B898}.Debug|Any CPU.Build.0 = Debug|Any CPU
		{EADC56DB-288F-4408-B429-3D7F44C8B898}.Release|Any CPU.ActiveCfg = Release|Any CPU
		{EADC56DB-288F-4408-B429-3D7F44C8B898}.Release|Any CPU.Build.0 = Release|Any CPU
	EndGlobalSection
	GlobalSection(SolutionProperties) = preSolution
		HideSolutionNode = FALSE
	EndGlobalSection
	GlobalSection(ExtensibilityGlobals) = postSolution
		SolutionGuid = {B3B5A02D-DCB5-4ECB-A134-FC5EBD0677EB}
	EndGlobalSection
EndGlobal
